
Microsoft Visual Studio Solution File, Format Version 12.00
# Visual Studio Version 17
VisualStudioVersion = 17.4.33205.214
MinimumVisualStudioVersion = 10.0.40219.1
Project("{2150E333-8FDC-42A3-9474-1A3956D46DE8}") = "Services", "Services", "{61EE8133-1C6A-44C1-90F3-3EA9640BED30}"
EndProject
Project("{2150E333-8FDC-42A3-9474-1A3956D46DE8}") = "Catalog", "Catalog", "{414FA131-6350-4D97-B135-2F5C816BEBF2}"
EndProject
Project("{9A19103F-16F7-4668-BE54-9A1E7A4F7556}") = "Catalog.API", "Services\Catalog\Catalog.API\Catalog.API.csproj", "{C3574CA5-A650-47DF-8956-8D3F425E5D7C}"
EndProject
Project("{E53339B2-1760-4266-BCC7-CA923CBCF16C}") = "docker-compose", "docker-compose.dcproj", "{9EFA316D-7222-4934-B6B4-449E6111C6EB}"
EndProject
Project("{2150E333-8FDC-42A3-9474-1A3956D46DE8}") = "Basket", "Basket", "{0712A535-C2E6-4916-A26B-45984720070E}"
EndProject
Project("{9A19103F-16F7-4668-BE54-9A1E7A4F7556}") = "Basket.API", "Services\Basket\Basket.API\Basket.API.csproj", "{D01743C8-E49B-47E9-B44C-89207280197C}"
EndProject
Project("{2150E333-8FDC-42A3-9474-1A3956D46DE8}") = "Discount", "Discount", "{51AC04E8-EB8E-4332-8A70-569B87309358}"
EndProject
Project("{9A19103F-16F7-4668-BE54-9A1E7A4F7556}") = "Discount.API", "Services\Discount\Discount.API\Discount.API.csproj", "{3422F02B-B875-426A-9AB8-B418C1B5CCF6}"
EndProject
Project("{9A19103F-16F7-4668-BE54-9A1E7A4F7556}") = "Discount.Grpc", "Services\Discount\Discount.Grpc\Discount.Grpc.csproj", "{DF3E1422-76CB-4BD6-96AB-349890FB6565}"
EndProject
Project("{2150E333-8FDC-42A3-9474-1A3956D46DE8}") = "Ordering", "Ordering", "{E561839F-C6FC-4CC7-BC32-C611E9F8BDC7}"
EndProject
Project("{9A19103F-16F7-4668-BE54-9A1E7A4F7556}") = "Ordering.API", "Services\Ordering\Ordering.API\Ordering.API.csproj", "{4AF7A2AD-F5F5-4698-B4A7-C1CCF090E05E}"
EndProject
Project("{9A19103F-16F7-4668-BE54-9A1E7A4F7556}") = "Ordering.Domain", "Services\Ordering\Ordering.Domain\Ordering.Domain.csproj", "{F822AACE-F2FB-4DDC-8E5C-69AF41DBE70F}"
EndProject
Project("{9A19103F-16F7-4668-BE54-9A1E7A4F7556}") = "Ordering.Application", "Services\Ordering\Ordering.Application\Ordering.Application.csproj", "{065B834D-41C6-4755-8D79-1823962D3C6F}"
EndProject
Project("{9A19103F-16F7-4668-BE54-9A1E7A4F7556}") = "Ordering.Infrastructure", "Services\Ordering\Ordering.Infrastructure\Ordering.Infrastructure.csproj", "{2DE08F0D-15AA-4C97-A825-3BEF34E3EE3A}"
EndProject
Project("{2150E333-8FDC-42A3-9474-1A3956D46DE8}") = "BuildingBlocks", "BuildingBlocks", "{867643E6-F055-40B8-9868-ED1B523973A5}"
EndProject
Project("{9A19103F-16F7-4668-BE54-9A1E7A4F7556}") = "EventBus.Messages", "BuildingBlocks\EventBus.Messages\EventBus.Messages.csproj", "{F9429709-A4F7-4EB1-AA10-3A263DBDC2D6}"
EndProject
Project("{2150E333-8FDC-42A3-9474-1A3956D46DE8}") = "ApiGateways", "ApiGateways", "{394DE148-1ED6-491C-8719-2EA0C7740F4B}"
EndProject
Project("{9A19103F-16F7-4668-BE54-9A1E7A4F7556}") = "OcelotApiGw", "ApiGateways\OcelotApiGw\OcelotApiGw.csproj", "{9B52C1AF-FC33-4FA6-B5E6-1AA25109ED96}"
EndProject
Project("{FAE04EC0-301F-11D3-BF4B-00C04F79EFBC}") = "Shopping.Aggregator", "ApiGateways\Shopping.Aggregator\Shopping.Aggregator.csproj", "{DD6FA6E5-5303-4D22-9B7E-BC48FCF57F59}"
EndProject
Project("{2150E333-8FDC-42A3-9474-1A3956D46DE8}") = "WebApps", "WebApps", "{8B5A73B6-9D75-4087-BEAB-F9463EAA9FE2}"
EndProject
Project("{9A19103F-16F7-4668-BE54-9A1E7A4F7556}") = "AspnetRunBasics", "WebApps\AspnetRunBasics\AspnetRunBasics.csproj", "{699155F1-1A99-4EEE-A141-8FC7F963186C}"
EndProject
Project("{FAE04EC0-301F-11D3-BF4B-00C04F79EFBC}") = "Common.Logging", "BuildingBlocks\Common.Logging\Common.Logging.csproj", "{B8187DC2-7A85-4FEA-99D0-E429125F6CD9}"
EndProject
Global
	GlobalSection(SolutionConfigurationPlatforms) = preSolution
		Debug|Any CPU = Debug|Any CPU
		Debug|x64 = Debug|x64
		Release|Any CPU = Release|Any CPU
		Release|x64 = Release|x64
	EndGlobalSection
	GlobalSection(ProjectConfigurationPlatforms) = postSolution
		{C3574CA5-A650-47DF-8956-8D3F425E5D7C}.Debug|Any CPU.ActiveCfg = Debug|Any CPU
		{C3574CA5-A650-47DF-8956-8D3F425E5D7C}.Debug|Any CPU.Build.0 = Debug|Any CPU
		{C3574CA5-A650-47DF-8956-8D3F425E5D7C}.Debug|x64.ActiveCfg = Debug|Any CPU
		{C3574CA5-A650-47DF-8956-8D3F425E5D7C}.Debug|x64.Build.0 = Debug|Any CPU
		{C3574CA5-A650-47DF-8956-8D3F425E5D7C}.Release|Any CPU.ActiveCfg = Release|Any CPU
		{C3574CA5-A650-47DF-8956-8D3F425E5D7C}.Release|Any CPU.Build.0 = Release|Any CPU
		{C3574CA5-A650-47DF-8956-8D3F425E5D7C}.Release|x64.ActiveCfg = Release|Any CPU
		{C3574CA5-A650-47DF-8956-8D3F425E5D7C}.Release|x64.Build.0 = Release|Any CPU
		{9EFA316D-7222-4934-B6B4-449E6111C6EB}.Debug|Any CPU.ActiveCfg = Debug|Any CPU
		{9EFA316D-7222-4934-B6B4-449E6111C6EB}.Debug|Any CPU.Build.0 = Debug|Any CPU
		{9EFA316D-7222-4934-B6B4-449E6111C6EB}.Debug|x64.ActiveCfg = Debug|Any CPU
		{9EFA316D-7222-4934-B6B4-449E6111C6EB}.Debug|x64.Build.0 = Debug|Any CPU
		{9EFA316D-7222-4934-B6B4-449E6111C6EB}.Release|Any CPU.ActiveCfg = Release|Any CPU
		{9EFA316D-7222-4934-B6B4-449E6111C6EB}.Release|Any CPU.Build.0 = Release|Any CPU
		{9EFA316D-7222-4934-B6B4-449E6111C6EB}.Release|x64.ActiveCfg = Release|Any CPU
		{9EFA316D-7222-4934-B6B4-449E6111C6EB}.Release|x64.Build.0 = Release|Any CPU
		{D01743C8-E49B-47E9-B44C-89207280197C}.Debug|Any CPU.ActiveCfg = Debug|Any CPU
		{D01743C8-E49B-47E9-B44C-89207280197C}.Debug|Any CPU.Build.0 = Debug|Any CPU
		{D01743C8-E49B-47E9-B44C-89207280197C}.Debug|x64.ActiveCfg = Debug|Any CPU
		{D01743C8-E49B-47E9-B44C-89207280197C}.Debug|x64.Build.0 = Debug|Any CPU
		{D01743C8-E49B-47E9-B44C-89207280197C}.Release|Any CPU.ActiveCfg = Release|Any CPU
		{D01743C8-E49B-47E9-B44C-89207280197C}.Release|Any CPU.Build.0 = Release|Any CPU
		{D01743C8-E49B-47E9-B44C-89207280197C}.Release|x64.ActiveCfg = Release|Any CPU
		{D01743C8-E49B-47E9-B44C-89207280197C}.Release|x64.Build.0 = Release|Any CPU
		{3422F02B-B875-426A-9AB8-B418C1B5CCF6}.Debug|Any CPU.ActiveCfg = Debug|Any CPU
		{3422F02B-B875-426A-9AB8-B418C1B5CCF6}.Debug|Any CPU.Build.0 = Debug|Any CPU
		{3422F02B-B875-426A-9AB8-B418C1B5CCF6}.Debug|x64.ActiveCfg = Debug|Any CPU
		{3422F02B-B875-426A-9AB8-B418C1B5CCF6}.Debug|x64.Build.0 = Debug|Any CPU
		{3422F02B-B875-426A-9AB8-B418C1B5CCF6}.Release|Any CPU.ActiveCfg = Release|Any CPU
		{3422F02B-B875-426A-9AB8-B418C1B5CCF6}.Release|Any CPU.Build.0 = Release|Any CPU
		{3422F02B-B875-426A-9AB8-B418C1B5CCF6}.Release|x64.ActiveCfg = Release|Any CPU
		{3422F02B-B875-426A-9AB8-B418C1B5CCF6}.Release|x64.Build.0 = Release|Any CPU
		{DF3E1422-76CB-4BD6-96AB-349890FB6565}.Debug|Any CPU.ActiveCfg = Debug|Any CPU
		{DF3E1422-76CB-4BD6-96AB-349890FB6565}.Debug|Any CPU.Build.0 = Debug|Any CPU
		{DF3E1422-76CB-4BD6-96AB-349890FB6565}.Debug|x64.ActiveCfg = Debug|Any CPU
		{DF3E1422-76CB-4BD6-96AB-349890FB6565}.Debug|x64.Build.0 = Debug|Any CPU
		{DF3E1422-76CB-4BD6-96AB-349890FB6565}.Release|Any CPU.ActiveCfg = Release|Any CPU
		{DF3E1422-76CB-4BD6-96AB-349890FB6565}.Release|Any CPU.Build.0 = Release|Any CPU
		{DF3E1422-76CB-4BD6-96AB-349890FB6565}.Release|x64.ActiveCfg = Release|Any CPU
		{DF3E1422-76CB-4BD6-96AB-349890FB6565}.Release|x64.Build.0 = Release|Any CPU
		{4AF7A2AD-F5F5-4698-B4A7-C1CCF090E05E}.Debug|Any CPU.ActiveCfg = Debug|Any CPU
		{4AF7A2AD-F5F5-4698-B4A7-C1CCF090E05E}.Debug|Any CPU.Build.0 = Debug|Any CPU
		{4AF7A2AD-F5F5-4698-B4A7-C1CCF090E05E}.Debug|x64.ActiveCfg = Debug|Any CPU
		{4AF7A2AD-F5F5-4698-B4A7-C1CCF090E05E}.Debug|x64.Build.0 = Debug|Any CPU
		{4AF7A2AD-F5F5-4698-B4A7-C1CCF090E05E}.Release|Any CPU.ActiveCfg = Release|Any CPU
		{4AF7A2AD-F5F5-4698-B4A7-C1CCF090E05E}.Release|Any CPU.Build.0 = Release|Any CPU
		{4AF7A2AD-F5F5-4698-B4A7-C1CCF090E05E}.Release|x64.ActiveCfg = Release|Any CPU
		{4AF7A2AD-F5F5-4698-B4A7-C1CCF090E05E}.Release|x64.Build.0 = Release|Any CPU
		{F822AACE-F2FB-4DDC-8E5C-69AF41DBE70F}.Debug|Any CPU.ActiveCfg = Debug|Any CPU
		{F822AACE-F2FB-4DDC-8E5C-69AF41DBE70F}.Debug|Any CPU.Build.0 = Debug|Any CPU
		{F822AACE-F2FB-4DDC-8E5C-69AF41DBE70F}.Debug|x64.ActiveCfg = Debug|Any CPU
		{F822AACE-F2FB-4DDC-8E5C-69AF41DBE70F}.Debug|x64.Build.0 = Debug|Any CPU
		{F822AACE-F2FB-4DDC-8E5C-69AF41DBE70F}.Release|Any CPU.ActiveCfg = Release|Any CPU
		{F822AACE-F2FB-4DDC-8E5C-69AF41DBE70F}.Release|Any CPU.Build.0 = Release|Any CPU
		{F822AACE-F2FB-4DDC-8E5C-69AF41DBE70F}.Release|x64.ActiveCfg = Release|Any CPU
		{F822AACE-F2FB-4DDC-8E5C-69AF41DBE70F}.Release|x64.Build.0 = Release|Any CPU
		{065B834D-41C6-4755-8D79-1823962D3C6F}.Debug|Any CPU.ActiveCfg = Debug|Any CPU
		{065B834D-41C6-4755-8D79-1823962D3C6F}.Debug|Any CPU.Build.0 = Debug|Any CPU
		{065B834D-41C6-4755-8D79-1823962D3C6F}.Debug|x64.ActiveCfg = Debug|Any CPU
		{065B834D-41C6-4755-8D79-1823962D3C6F}.Debug|x64.Build.0 = Debug|Any CPU
		{065B834D-41C6-4755-8D79-1823962D3C6F}.Release|Any CPU.ActiveCfg = Release|Any CPU
		{065B834D-41C6-4755-8D79-1823962D3C6F}.Release|Any CPU.Build.0 = Release|Any CPU
		{065B834D-41C6-4755-8D79-1823962D3C6F}.Release|x64.ActiveCfg = Release|Any CPU
		{065B834D-41C6-4755-8D79-1823962D3C6F}.Release|x64.Build.0 = Release|Any CPU
		{2DE08F0D-15AA-4C97-A825-3BEF34E3EE3A}.Debug|Any CPU.ActiveCfg = Debug|Any CPU
		{2DE08F0D-15AA-4C97-A825-3BEF34E3EE3A}.Debug|Any CPU.Build.0 = Debug|Any CPU
		{2DE08F0D-15AA-4C97-A825-3BEF34E3EE3A}.Debug|x64.ActiveCfg = Debug|Any CPU
		{2DE08F0D-15AA-4C97-A825-3BEF34E3EE3A}.Debug|x64.Build.0 = Debug|Any CPU
		{2DE08F0D-15AA-4C97-A825-3BEF34E3EE3A}.Release|Any CPU.ActiveCfg = Release|Any CPU
		{2DE08F0D-15AA-4C97-A825-3BEF34E3EE3A}.Release|Any CPU.Build.0 = Release|Any CPU
		{2DE08F0D-15AA-4C97-A825-3BEF34E3EE3A}.Release|x64.ActiveCfg = Release|Any CPU
		{2DE08F0D-15AA-4C97-A825-3BEF34E3EE3A}.Release|x64.Build.0 = Release|Any CPU
		{F9429709-A4F7-4EB1-AA10-3A263DBDC2D6}.Debug|Any CPU.ActiveCfg = Debug|Any CPU
		{F9429709-A4F7-4EB1-AA10-3A263DBDC2D6}.Debug|Any CPU.Build.0 = Debug|Any CPU
		{F9429709-A4F7-4EB1-AA10-3A263DBDC2D6}.Debug|x64.ActiveCfg = Debug|Any CPU
		{F9429709-A4F7-4EB1-AA10-3A263DBDC2D6}.Debug|x64.Build.0 = Debug|Any CPU
		{F9429709-A4F7-4EB1-AA10-3A263DBDC2D6}.Release|Any CPU.ActiveCfg = Release|Any CPU
		{F9429709-A4F7-4EB1-AA10-3A263DBDC2D6}.Release|Any CPU.Build.0 = Release|Any CPU
		{F9429709-A4F7-4EB1-AA10-3A263DBDC2D6}.Release|x64.ActiveCfg = Release|Any CPU
		{F9429709-A4F7-4EB1-AA10-3A263DBDC2D6}.Release|x64.Build.0 = Release|Any CPU
		{9B52C1AF-FC33-4FA6-B5E6-1AA25109ED96}.Debug|Any CPU.ActiveCfg = Debug|Any CPU
		{9B52C1AF-FC33-4FA6-B5E6-1AA25109ED96}.Debug|Any CPU.Build.0 = Debug|Any CPU
		{9B52C1AF-FC33-4FA6-B5E6-1AA25109ED96}.Debug|x64.ActiveCfg = Debug|Any CPU
		{9B52C1AF-FC33-4FA6-B5E6-1AA25109ED96}.Debug|x64.Build.0 = Debug|Any CPU
		{9B52C1AF-FC33-4FA6-B5E6-1AA25109ED96}.Release|Any CPU.ActiveCfg = Release|Any CPU
		{9B52C1AF-FC33-4FA6-B5E6-1AA25109ED96}.Release|Any CPU.Build.0 = Release|Any CPU
		{9B52C1AF-FC33-4FA6-B5E6-1AA25109ED96}.Release|x64.ActiveCfg = Release|Any CPU
		{9B52C1AF-FC33-4FA6-B5E6-1AA25109ED96}.Release|x64.Build.0 = Release|Any CPU
		{DD6FA6E5-5303-4D22-9B7E-BC48FCF57F59}.Debug|Any CPU.ActiveCfg = Debug|Any CPU
		{DD6FA6E5-5303-4D22-9B7E-BC48FCF57F59}.Debug|Any CPU.Build.0 = Debug|Any CPU
		{DD6FA6E5-5303-4D22-9B7E-BC48FCF57F59}.Debug|x64.ActiveCfg = Debug|Any CPU
		{DD6FA6E5-5303-4D22-9B7E-BC48FCF57F59}.Debug|x64.Build.0 = Debug|Any CPU
		{DD6FA6E5-5303-4D22-9B7E-BC48FCF57F59}.Release|Any CPU.ActiveCfg = Release|Any CPU
		{DD6FA6E5-5303-4D22-9B7E-BC48FCF57F59}.Release|Any CPU.Build.0 = Release|Any CPU
		{DD6FA6E5-5303-4D22-9B7E-BC48FCF57F59}.Release|x64.ActiveCfg = Release|Any CPU
		{DD6FA6E5-5303-4D22-9B7E-BC48FCF57F59}.Release|x64.Build.0 = Release|Any CPU
		{699155F1-1A99-4EEE-A141-8FC7F963186C}.Debug|Any CPU.ActiveCfg = Debug|Any CPU
		{699155F1-1A99-4EEE-A141-8FC7F963186C}.Debug|Any CPU.Build.0 = Debug|Any CPU
		{699155F1-1A99-4EEE-A141-8FC7F963186C}.Debug|x64.ActiveCfg = Debug|Any CPU
		{699155F1-1A99-4EEE-A141-8FC7F963186C}.Debug|x64.Build.0 = Debug|Any CPU
		{699155F1-1A99-4EEE-A141-8FC7F963186C}.Release|Any CPU.ActiveCfg = Release|Any CPU
		{699155F1-1A99-4EEE-A141-8FC7F963186C}.Release|Any CPU.Build.0 = Release|Any CPU
		{699155F1-1A99-4EEE-A141-8FC7F963186C}.Release|x64.ActiveCfg = Release|Any CPU
		{699155F1-1A99-4EEE-A141-8FC7F963186C}.Release|x64.Build.0 = Release|Any CPU
		{B8187DC2-7A85-4FEA-99D0-E429125F6CD9}.Debug|Any CPU.ActiveCfg = Debug|Any CPU
		{B8187DC2-7A85-4FEA-99D0-E429125F6CD9}.Debug|Any CPU.Build.0 = Debug|Any CPU
		{B8187DC2-7A85-4FEA-99D0-E429125F6CD9}.Debug|x64.ActiveCfg = Debug|Any CPU
		{B8187DC2-7A85-4FEA-99D0-E429125F6CD9}.Debug|x64.Build.0 = Debug|Any CPU
		{B8187DC2-7A85-4FEA-99D0-E429125F6CD9}.Release|Any CPU.ActiveCfg = Release|Any CPU
		{B8187DC2-7A85-4FEA-99D0-E429125F6CD9}.Release|Any CPU.Build.0 = Release|Any CPU
		{B8187DC2-7A85-4FEA-99D0-E429125F6CD9}.Release|x64.ActiveCfg = Release|Any CPU
		{B8187DC2-7A85-4FEA-99D0-E429125F6CD9}.Release|x64.Build.0 = Release|Any CPU
	EndGlobalSection
	GlobalSection(SolutionProperties) = preSolution
		HideSolutionNode = FALSE
	EndGlobalSection
	GlobalSection(NestedProjects) = preSolution
		{414FA131-6350-4D97-B135-2F5C816BEBF2} = {61EE8133-1C6A-44C1-90F3-3EA9640BED30}
		{C3574CA5-A650-47DF-8956-8D3F425E5D7C} = {414FA131-6350-4D97-B135-2F5C816BEBF2}
		{0712A535-C2E6-4916-A26B-45984720070E} = {61EE8133-1C6A-44C1-90F3-3EA9640BED30}
		{D01743C8-E49B-47E9-B44C-89207280197C} = {0712A535-C2E6-4916-A26B-45984720070E}
		{51AC04E8-EB8E-4332-8A70-569B87309358} = {61EE8133-1C6A-44C1-90F3-3EA9640BED30}
		{3422F02B-B875-426A-9AB8-B418C1B5CCF6} = {51AC04E8-EB8E-4332-8A70-569B87309358}
		{DF3E1422-76CB-4BD6-96AB-349890FB6565} = {51AC04E8-EB8E-4332-8A70-569B87309358}
		{E561839F-C6FC-4CC7-BC32-C611E9F8BDC7} = {61EE8133-1C6A-44C1-90F3-3EA9640BED30}
		{4AF7A2AD-F5F5-4698-B4A7-C1CCF090E05E} = {E561839F-C6FC-4CC7-BC32-C611E9F8BDC7}
		{F822AACE-F2FB-4DDC-8E5C-69AF41DBE70F} = {E561839F-C6FC-4CC7-BC32-C611E9F8BDC7}
		{065B834D-41C6-4755-8D79-1823962D3C6F} = {E561839F-C6FC-4CC7-BC32-C611E9F8BDC7}
		{2DE08F0D-15AA-4C97-A825-3BEF34E3EE3A} = {E561839F-C6FC-4CC7-BC32-C611E9F8BDC7}
		{F9429709-A4F7-4EB1-AA10-3A263DBDC2D6} = {867643E6-F055-40B8-9868-ED1B523973A5}
		{9B52C1AF-FC33-4FA6-B5E6-1AA25109ED96} = {394DE148-1ED6-491C-8719-2EA0C7740F4B}
		{DD6FA6E5-5303-4D22-9B7E-BC48FCF57F59} = {394DE148-1ED6-491C-8719-2EA0C7740F4B}
		{699155F1-1A99-4EEE-A141-8FC7F963186C} = {8B5A73B6-9D75-4087-BEAB-F9463EAA9FE2}
		{B8187DC2-7A85-4FEA-99D0-E429125F6CD9} = {867643E6-F055-40B8-9868-ED1B523973A5}
	EndGlobalSection
	GlobalSection(ExtensibilityGlobals) = postSolution
		SolutionGuid = {6301C597-F14E-4595-BFF8-FE855C56D463}
	EndGlobalSection
EndGlobal
